
Microsoft Visual Studio Solution File, Format Version 12.00
# Visual Studio 14
VisualStudioVersion = 14.0.22129.1
MinimumVisualStudioVersion = 10.0.40219.1
Project("{FAE04EC0-301F-11D3-BF4B-00C04F79EFBC}") = "CSharpSixReview", "CSharpSixReview\CSharpSixReview.csproj", "{A76F76AD-8F6B-4298-A946-45D3FEE18037}"
EndProject
Global
	GlobalSection(SolutionConfigurationPlatforms) = preSolution
		Debug|Any CPU = Debug|Any CPU
		Release|Any CPU = Release|Any CPU
	EndGlobalSection
	GlobalSection(ProjectConfigurationPlatforms) = postSolution
		{A76F76AD-8F6B-4298-A946-45D3FEE18037}.Debug|Any CPU.ActiveCfg = Debug|Any CPU
		{A76F76AD-8F6B-4298-A946-45D3FEE18037}.Debug|Any CPU.Build.0 = Debug|Any CPU
		{A76F76AD-8F6B-4298-A946-45D3FEE18037}.Release|Any CPU.ActiveCfg = Release|Any CPU
		{A76F76AD-8F6B-4298-A946-45D3FEE18037}.Release|Any CPU.Build.0 = Release|Any CPU
	EndGlobalSection
	GlobalSection(SolutionProperties) = preSolution
		HideSolutionNode = FALSE
	EndGlobalSection
EndGlobal
